
Microsoft Visual Studio Solution File, Format Version 12.00
# Visual Studio Version 17
VisualStudioVersion = 17.7.34018.315
MinimumVisualStudioVersion = 10.0.40219.1
Project("{FAE04EC0-301F-11D3-BF4B-00C04F79EFBC}") = "Sarita", "Sarita.csproj", "{662BFD0C-7CA9-402A-A46C-6669E072096C}"
EndProject
Global
	GlobalSection(SolutionConfigurationPlatforms) = preSolution
		Debug|Any CPU = Debug|Any CPU
		Release|Any CPU = Release|Any CPU
	EndGlobalSection
	GlobalSection(ProjectConfigurationPlatforms) = postSolution
		{662BFD0C-7CA9-402A-A46C-6669E072096C}.Debug|Any CPU.ActiveCfg = Debug|Any CPU
		{662BFD0C-7CA9-402A-A46C-6669E072096C}.Debug|Any CPU.Build.0 = Debug|Any CPU
		{662BFD0C-7CA9-402A-A46C-6669E072096C}.Release|Any CPU.ActiveCfg = Release|Any CPU
		{662BFD0C-7CA9-402A-A46C-6669E072096C}.Release|Any CPU.Build.0 = Release|Any CPU
	EndGlobalSection
	GlobalSection(SolutionProperties) = preSolution
		HideSolutionNode = FALSE
	EndGlobalSection
	GlobalSection(ExtensibilityGlobals) = postSolution
		SolutionGuid = {16E4D00F-040A-40EC-B4B5-C223FBB32984}
	EndGlobalSection
EndGlobal
